// !$*UTF8*$!
{
	archiveVersion = 1;
	classes = {
	};
	objectVersion = 50;
	objects = {

/* Begin PBXBuildFile section */
		7A63FFB7232FBF4700B3FDAA /* AppDelegate.swift in Sources */ = {isa = PBXBuildFile; fileRef = 7A63FFB6232FBF4700B3FDAA /* AppDelegate.swift */; };
		7A63FFBE232FBF4900B3FDAA /* Assets.xcassets in Resources */ = {isa = PBXBuildFile; fileRef = 7A63FFBD232FBF4900B3FDAA /* Assets.xcassets */; };
		7A63FFCA232FBF7C00B3FDAA /* Coordinator.swift in Sources */ = {isa = PBXBuildFile; fileRef = 7A63FFC9232FBF7C00B3FDAA /* Coordinator.swift */; };
		7A63FFCC232FBF9C00B3FDAA /* BaseCoordinator.swift in Sources */ = {isa = PBXBuildFile; fileRef = 7A63FFCB232FBF9C00B3FDAA /* BaseCoordinator.swift */; };
		7A63FFCE23300EC900B3FDAA /* AppCoordinator.swift in Sources */ = {isa = PBXBuildFile; fileRef = 7A63FFCD23300EC900B3FDAA /* AppCoordinator.swift */; };
		7A63FFD12330118800B3FDAA /* MainUserListViewController.swift in Sources */ = {isa = PBXBuildFile; fileRef = 7A63FFD02330118800B3FDAA /* MainUserListViewController.swift */; };
		7A63FFD323301F9000B3FDAA /* LaunchScreen.storyboard in Resources */ = {isa = PBXBuildFile; fileRef = 7A63FFD223301F9000B3FDAA /* LaunchScreen.storyboard */; };
		7ACB184B2330E4A300E6EF96 /* MainUserListViewModel.swift in Sources */ = {isa = PBXBuildFile; fileRef = 7ACB184A2330E4A300E6EF96 /* MainUserListViewModel.swift */; };
		7ACB184E2330E54D00E6EF96 /* NetworkManager.swift in Sources */ = {isa = PBXBuildFile; fileRef = 7ACB184D2330E54D00E6EF96 /* NetworkManager.swift */; };
		7ACB18512331151B00E6EF96 /* MainUserTableViewCell.swift in Sources */ = {isa = PBXBuildFile; fileRef = 7ACB18502331151B00E6EF96 /* MainUserTableViewCell.swift */; };
		7ACB185423311BE100E6EF96 /* Users.swift in Sources */ = {isa = PBXBuildFile; fileRef = 7ACB185323311BE100E6EF96 /* Users.swift */; };
		7ACB185623311C3300E6EF96 /* Posts.swift in Sources */ = {isa = PBXBuildFile; fileRef = 7ACB185523311C3300E6EF96 /* Posts.swift */; };
		7ACB18582331674D00E6EF96 /* DetailUserViewModel.swift in Sources */ = {isa = PBXBuildFile; fileRef = 7ACB18572331674D00E6EF96 /* DetailUserViewModel.swift */; };
		7ACB185A233167C100E6EF96 /* DetailUserViewController.swift in Sources */ = {isa = PBXBuildFile; fileRef = 7ACB1859233167C100E6EF96 /* DetailUserViewController.swift */; };
		7ACB185D233173BC00E6EF96 /* DetailUserTableViewCell.swift in Sources */ = {isa = PBXBuildFile; fileRef = 7ACB185C233173BC00E6EF96 /* DetailUserTableViewCell.swift */; };
		7ACB185F23317BE900E6EF96 /* HeaderUIView.swift in Sources */ = {isa = PBXBuildFile; fileRef = 7ACB185E23317BE900E6EF96 /* HeaderUIView.swift */; };
/* End PBXBuildFile section */

/* Begin PBXFileReference section */
		7A63FFB3232FBF4700B3FDAA /* UserList.app */ = {isa = PBXFileReference; explicitFileType = wrapper.application; includeInIndex = 0; path = UserList.app; sourceTree = BUILT_PRODUCTS_DIR; };
		7A63FFB6232FBF4700B3FDAA /* AppDelegate.swift */ = {isa = PBXFileReference; lastKnownFileType = sourcecode.swift; path = AppDelegate.swift; sourceTree = "<group>"; };
		7A63FFBD232FBF4900B3FDAA /* Assets.xcassets */ = {isa = PBXFileReference; lastKnownFileType = folder.assetcatalog; path = Assets.xcassets; sourceTree = "<group>"; };
		7A63FFC2232FBF4900B3FDAA /* Info.plist */ = {isa = PBXFileReference; lastKnownFileType = text.plist.xml; path = Info.plist; sourceTree = "<group>"; };
		7A63FFC9232FBF7C00B3FDAA /* Coordinator.swift */ = {isa = PBXFileReference; lastKnownFileType = sourcecode.swift; path = Coordinator.swift; sourceTree = "<group>"; };
		7A63FFCB232FBF9C00B3FDAA /* BaseCoordinator.swift */ = {isa = PBXFileReference; lastKnownFileType = sourcecode.swift; path = BaseCoordinator.swift; sourceTree = "<group>"; };
		7A63FFCD23300EC900B3FDAA /* AppCoordinator.swift */ = {isa = PBXFileReference; lastKnownFileType = sourcecode.swift; path = AppCoordinator.swift; sourceTree = "<group>"; };
		7A63FFD02330118800B3FDAA /* MainUserListViewController.swift */ = {isa = PBXFileReference; lastKnownFileType = sourcecode.swift; path = MainUserListViewController.swift; sourceTree = "<group>"; };
		7A63FFD223301F9000B3FDAA /* LaunchScreen.storyboard */ = {isa = PBXFileReference; fileEncoding = 4; lastKnownFileType = file.storyboard; name = LaunchScreen.storyboard; path = ../../../.Trash/LaunchScreen.storyboard; sourceTree = "<group>"; };
		7ACB184A2330E4A300E6EF96 /* MainUserListViewModel.swift */ = {isa = PBXFileReference; lastKnownFileType = sourcecode.swift; path = MainUserListViewModel.swift; sourceTree = "<group>"; };
		7ACB184D2330E54D00E6EF96 /* NetworkManager.swift */ = {isa = PBXFileReference; lastKnownFileType = sourcecode.swift; path = NetworkManager.swift; sourceTree = "<group>"; };
		7ACB18502331151B00E6EF96 /* MainUserTableViewCell.swift */ = {isa = PBXFileReference; lastKnownFileType = sourcecode.swift; path = MainUserTableViewCell.swift; sourceTree = "<group>"; };
		7ACB185323311BE100E6EF96 /* Users.swift */ = {isa = PBXFileReference; lastKnownFileType = sourcecode.swift; path = Users.swift; sourceTree = "<group>"; };
		7ACB185523311C3300E6EF96 /* Posts.swift */ = {isa = PBXFileReference; lastKnownFileType = sourcecode.swift; path = Posts.swift; sourceTree = "<group>"; };
		7ACB18572331674D00E6EF96 /* DetailUserViewModel.swift */ = {isa = PBXFileReference; lastKnownFileType = sourcecode.swift; path = DetailUserViewModel.swift; sourceTree = "<group>"; };
		7ACB1859233167C100E6EF96 /* DetailUserViewController.swift */ = {isa = PBXFileReference; lastKnownFileType = sourcecode.swift; path = DetailUserViewController.swift; sourceTree = "<group>"; };
		7ACB185C233173BC00E6EF96 /* DetailUserTableViewCell.swift */ = {isa = PBXFileReference; lastKnownFileType = sourcecode.swift; path = DetailUserTableViewCell.swift; sourceTree = "<group>"; };
		7ACB185E23317BE900E6EF96 /* HeaderUIView.swift */ = {isa = PBXFileReference; lastKnownFileType = sourcecode.swift; path = HeaderUIView.swift; sourceTree = "<group>"; };
/* End PBXFileReference section */

/* Begin PBXFrameworksBuildPhase section */
		7A63FFB0232FBF4700B3FDAA /* Frameworks */ = {
			isa = PBXFrameworksBuildPhase;
			buildActionMask = 2147483647;
			files = (
			);
			runOnlyForDeploymentPostprocessing = 0;
		};
/* End PBXFrameworksBuildPhase section */

/* Begin PBXGroup section */
		7A63FFAA232FBF4700B3FDAA = {
			isa = PBXGroup;
			children = (
				7A63FFB5232FBF4700B3FDAA /* UserList */,
				7A63FFB4232FBF4700B3FDAA /* Products */,
			);
			sourceTree = "<group>";
		};
		7A63FFB4232FBF4700B3FDAA /* Products */ = {
			isa = PBXGroup;
			children = (
				7A63FFB3232FBF4700B3FDAA /* UserList.app */,
			);
			name = Products;
			sourceTree = "<group>";
		};
		7A63FFB5232FBF4700B3FDAA /* UserList */ = {
			isa = PBXGroup;
			children = (
				7A63FFB6232FBF4700B3FDAA /* AppDelegate.swift */,
				7ACB185B233173A100E6EF96 /* Cells */,
				7ACB185223311BD100E6EF96 /* Models */,
				7A63FFC8232FBF6E00B3FDAA /* Coordinators */,
				7A63FFCF2330114B00B3FDAA /* Views */,
				7ACB184C2330E53400E6EF96 /* NetworkManager */,
				7ACB18492330E48400E6EF96 /* ViewModels */,
				7A63FFBD232FBF4900B3FDAA /* Assets.xcassets */,
				7A63FFD223301F9000B3FDAA /* LaunchScreen.storyboard */,
				7A63FFC2232FBF4900B3FDAA /* Info.plist */,
			);
			path = UserList;
			sourceTree = "<group>";
		};
		7A63FFC8232FBF6E00B3FDAA /* Coordinators */ = {
			isa = PBXGroup;
			children = (
				7A63FFC9232FBF7C00B3FDAA /* Coordinator.swift */,
				7A63FFCB232FBF9C00B3FDAA /* BaseCoordinator.swift */,
				7A63FFCD23300EC900B3FDAA /* AppCoordinator.swift */,
			);
			path = Coordinators;
			sourceTree = "<group>";
		};
		7A63FFCF2330114B00B3FDAA /* Views */ = {
			isa = PBXGroup;
			children = (
				7A63FFD02330118800B3FDAA /* MainUserListViewController.swift */,
				7ACB1859233167C100E6EF96 /* DetailUserViewController.swift */,
				7ACB185E23317BE900E6EF96 /* HeaderUIView.swift */,
			);
			path = Views;
			sourceTree = "<group>";
		};
		7ACB18492330E48400E6EF96 /* ViewModels */ = {
			isa = PBXGroup;
			children = (
				7ACB184A2330E4A300E6EF96 /* MainUserListViewModel.swift */,
				7ACB18572331674D00E6EF96 /* DetailUserViewModel.swift */,
			);
			path = ViewModels;
			sourceTree = "<group>";
		};
		7ACB184C2330E53400E6EF96 /* NetworkManager */ = {
			isa = PBXGroup;
			children = (
				7ACB184D2330E54D00E6EF96 /* NetworkManager.swift */,
			);
			path = NetworkManager;
			sourceTree = "<group>";
		};
		7ACB185223311BD100E6EF96 /* Models */ = {
			isa = PBXGroup;
			children = (
				7ACB185323311BE100E6EF96 /* Users.swift */,
				7ACB185523311C3300E6EF96 /* Posts.swift */,
			);
			path = Models;
			sourceTree = "<group>";
		};
		7ACB185B233173A100E6EF96 /* Cells */ = {
			isa = PBXGroup;
			children = (
				7ACB18502331151B00E6EF96 /* MainUserTableViewCell.swift */,
				7ACB185C233173BC00E6EF96 /* DetailUserTableViewCell.swift */,
			);
			path = Cells;
			sourceTree = "<group>";
		};
/* End PBXGroup section */

/* Begin PBXNativeTarget section */
		7A63FFB2232FBF4700B3FDAA /* UserList */ = {
			isa = PBXNativeTarget;
			buildConfigurationList = 7A63FFC5232FBF4900B3FDAA /* Build configuration list for PBXNativeTarget "UserList" */;
			buildPhases = (
				7A63FFAF232FBF4700B3FDAA /* Sources */,
				7A63FFB0232FBF4700B3FDAA /* Frameworks */,
				7A63FFB1232FBF4700B3FDAA /* Resources */,
			);
			buildRules = (
			);
			dependencies = (
			);
			name = UserList;
			productName = UserList;
			productReference = 7A63FFB3232FBF4700B3FDAA /* UserList.app */;
			productType = "com.apple.product-type.application";
		};
/* End PBXNativeTarget section */

/* Begin PBXProject section */
		7A63FFAB232FBF4700B3FDAA /* Project object */ = {
			isa = PBXProject;
			attributes = {
				LastSwiftUpdateCheck = 1030;
				LastUpgradeCheck = 1030;
				ORGANIZATIONNAME = "Patrick Aloueichek";
				TargetAttributes = {
					7A63FFB2232FBF4700B3FDAA = {
						CreatedOnToolsVersion = 10.3;
					};
				};
			};
			buildConfigurationList = 7A63FFAE232FBF4700B3FDAA /* Build configuration list for PBXProject "UserList" */;
			compatibilityVersion = "Xcode 9.3";
			developmentRegion = en;
			hasScannedForEncodings = 0;
			knownRegions = (
				en,
				Base,
			);
			mainGroup = 7A63FFAA232FBF4700B3FDAA;
			productRefGroup = 7A63FFB4232FBF4700B3FDAA /* Products */;
			projectDirPath = "";
			projectRoot = "";
			targets = (
				7A63FFB2232FBF4700B3FDAA /* UserList */,
			);
		};
/* End PBXProject section */

/* Begin PBXResourcesBuildPhase section */
		7A63FFB1232FBF4700B3FDAA /* Resources */ = {
			isa = PBXResourcesBuildPhase;
			buildActionMask = 2147483647;
			files = (
				7A63FFBE232FBF4900B3FDAA /* Assets.xcassets in Resources */,
				7A63FFD323301F9000B3FDAA /* LaunchScreen.storyboard in Resources */,
			);
			runOnlyForDeploymentPostprocessing = 0;
		};
/* End PBXResourcesBuildPhase section */

/* Begin PBXSourcesBuildPhase section */
		7A63FFAF232FBF4700B3FDAA /* Sources */ = {
			isa = PBXSourcesBuildPhase;
			buildActionMask = 2147483647;
			files = (
				7A63FFB7232FBF4700B3FDAA /* AppDelegate.swift in Sources */,
				7A63FFCE23300EC900B3FDAA /* AppCoordinator.swift in Sources */,
				7ACB185423311BE100E6EF96 /* Users.swift in Sources */,
				7A63FFCA232FBF7C00B3FDAA /* Coordinator.swift in Sources */,
				7ACB184E2330E54D00E6EF96 /* NetworkManager.swift in Sources */,
				7ACB185623311C3300E6EF96 /* Posts.swift in Sources */,
				7ACB185D233173BC00E6EF96 /* DetailUserTableViewCell.swift in Sources */,
				7ACB184B2330E4A300E6EF96 /* MainUserListViewModel.swift in Sources */,
				7ACB18582331674D00E6EF96 /* DetailUserViewModel.swift in Sources */,
				7A63FFD12330118800B3FDAA /* MainUserListViewController.swift in Sources */,
				7A63FFCC232FBF9C00B3FDAA /* BaseCoordinator.swift in Sources */,
				7ACB185F23317BE900E6EF96 /* HeaderUIView.swift in Sources */,
				7ACB185A233167C100E6EF96 /* DetailUserViewController.swift in Sources */,
				7ACB18512331151B00E6EF96 /* MainUserTableViewCell.swift in Sources */,
			);
			runOnlyForDeploymentPostprocessing = 0;
		};
/* End PBXSourcesBuildPhase section */

/* Begin XCBuildConfiguration section */
		7A63FFC3232FBF4900B3FDAA /* Debug */ = {
			isa = XCBuildConfiguration;
			buildSettings = {
				ALWAYS_SEARCH_USER_PATHS = NO;
				CLANG_ANALYZER_NONNULL = YES;
				CLANG_ANALYZER_NUMBER_OBJECT_CONVERSION = YES_AGGRESSIVE;
				CLANG_CXX_LANGUAGE_STANDARD = "gnu++14";
				CLANG_CXX_LIBRARY = "libc++";
				CLANG_ENABLE_MODULES = YES;
				CLANG_ENABLE_OBJC_ARC = YES;
				CLANG_ENABLE_OBJC_WEAK = YES;
				CLANG_WARN_BLOCK_CAPTURE_AUTORELEASING = YES;
				CLANG_WARN_BOOL_CONVERSION = YES;
				CLANG_WARN_COMMA = YES;
				CLANG_WARN_CONSTANT_CONVERSION = YES;
				CLANG_WARN_DEPRECATED_OBJC_IMPLEMENTATIONS = YES;
				CLANG_WARN_DIRECT_OBJC_ISA_USAGE = YES_ERROR;
				CLANG_WARN_DOCUMENTATION_COMMENTS = YES;
				CLANG_WARN_EMPTY_BODY = YES;
				CLANG_WARN_ENUM_CONVERSION = YES;
				CLANG_WARN_INFINITE_RECURSION = YES;
				CLANG_WARN_INT_CONVERSION = YES;
				CLANG_WARN_NON_LITERAL_NULL_CONVERSION = YES;
				CLANG_WARN_OBJC_IMPLICIT_RETAIN_SELF = YES;
				CLANG_WARN_OBJC_LITERAL_CONVERSION = YES;
				CLANG_WARN_OBJC_ROOT_CLASS = YES_ERROR;
				CLANG_WARN_RANGE_LOOP_ANALYSIS = YES;
				CLANG_WARN_STRICT_PROTOTYPES = YES;
				CLANG_WARN_SUSPICIOUS_MOVE = YES;
				CLANG_WARN_UNGUARDED_AVAILABILITY = YES_AGGRESSIVE;
				CLANG_WARN_UNREACHABLE_CODE = YES;
				CLANG_WARN__DUPLICATE_METHOD_MATCH = YES;
				CODE_SIGN_IDENTITY = "iPhone Developer";
				COPY_PHASE_STRIP = NO;
				DEBUG_INFORMATION_FORMAT = dwarf;
				ENABLE_STRICT_OBJC_MSGSEND = YES;
				ENABLE_TESTABILITY = YES;
				GCC_C_LANGUAGE_STANDARD = gnu11;
				GCC_DYNAMIC_NO_PIC = NO;
				GCC_NO_COMMON_BLOCKS = YES;
				GCC_OPTIMIZATION_LEVEL = 0;
				GCC_PREPROCESSOR_DEFINITIONS = (
					"DEBUG=1",
					"$(inherited)",
				);
				GCC_WARN_64_TO_32_BIT_CONVERSION = YES;
				GCC_WARN_ABOUT_RETURN_TYPE = YES_ERROR;
				GCC_WARN_UNDECLARED_SELECTOR = YES;
				GCC_WARN_UNINITIALIZED_AUTOS = YES_AGGRESSIVE;
				GCC_WARN_UNUSED_FUNCTION = YES;
				GCC_WARN_UNUSED_VARIABLE = YES;
				IPHONEOS_DEPLOYMENT_TARGET = 12.4;
				MTL_ENABLE_DEBUG_INFO = INCLUDE_SOURCE;
				MTL_FAST_MATH = YES;
				ONLY_ACTIVE_ARCH = YES;
				SDKROOT = iphoneos;
				SWIFT_ACTIVE_COMPILATION_CONDITIONS = DEBUG;
				SWIFT_OPTIMIZATION_LEVEL = "-Onone";
			};
			name = Debug;
		};
		7A63FFC4232FBF4900B3FDAA /* Release */ = {
			isa = XCBuildConfiguration;
			buildSettings = {
				ALWAYS_SEARCH_USER_PATHS = NO;
				CLANG_ANALYZER_NONNULL = YES;
				CLANG_ANALYZER_NUMBER_OBJECT_CONVERSION = YES_AGGRESSIVE;
				CLANG_CXX_LANGUAGE_STANDARD = "gnu++14";
				CLANG_CXX_LIBRARY = "libc++";
				CLANG_ENABLE_MODULES = YES;
				CLANG_ENABLE_OBJC_ARC = YES;
				CLANG_ENABLE_OBJC_WEAK = YES;
				CLANG_WARN_BLOCK_CAPTURE_AUTORELEASING = YES;
				CLANG_WARN_BOOL_CONVERSION = YES;
				CLANG_WARN_COMMA = YES;
				CLANG_WARN_CONSTANT_CONVERSION = YES;
				CLANG_WARN_DEPRECATED_OBJC_IMPLEMENTATIONS = YES;
				CLANG_WARN_DIRECT_OBJC_ISA_USAGE = YES_ERROR;
				CLANG_WARN_DOCUMENTATION_COMMENTS = YES;
				CLANG_WARN_EMPTY_BODY = YES;
				CLANG_WARN_ENUM_CONVERSION = YES;
				CLANG_WARN_INFINITE_RECURSION = YES;
				CLANG_WARN_INT_CONVERSION = YES;
				CLANG_WARN_NON_LITERAL_NULL_CONVERSION = YES;
				CLANG_WARN_OBJC_IMPLICIT_RETAIN_SELF = YES;
				CLANG_WARN_OBJC_LITERAL_CONVERSION = YES;
				CLANG_WARN_OBJC_ROOT_CLASS = YES_ERROR;
				CLANG_WARN_RANGE_LOOP_ANALYSIS = YES;
				CLANG_WARN_STRICT_PROTOTYPES = YES;
				CLANG_WARN_SUSPICIOUS_MOVE = YES;
				CLANG_WARN_UNGUARDED_AVAILABILITY = YES_AGGRESSIVE;
				CLANG_WARN_UNREACHABLE_CODE = YES;
				CLANG_WARN__DUPLICATE_METHOD_MATCH = YES;
				CODE_SIGN_IDENTITY = "iPhone Developer";
				COPY_PHASE_STRIP = NO;
				DEBUG_INFORMATION_FORMAT = "dwarf-with-dsym";
				ENABLE_NS_ASSERTIONS = NO;
				ENABLE_STRICT_OBJC_MSGSEND = YES;
				GCC_C_LANGUAGE_STANDARD = gnu11;
				GCC_NO_COMMON_BLOCKS = YES;
				GCC_WARN_64_TO_32_BIT_CONVERSION = YES;
				GCC_WARN_ABOUT_RETURN_TYPE = YES_ERROR;
				GCC_WARN_UNDECLARED_SELECTOR = YES;
				GCC_WARN_UNINITIALIZED_AUTOS = YES_AGGRESSIVE;
				GCC_WARN_UNUSED_FUNCTION = YES;
				GCC_WARN_UNUSED_VARIABLE = YES;
				IPHONEOS_DEPLOYMENT_TARGET = 12.4;
				MTL_ENABLE_DEBUG_INFO = NO;
				MTL_FAST_MATH = YES;
				SDKROOT = iphoneos;
				SWIFT_COMPILATION_MODE = wholemodule;
				SWIFT_OPTIMIZATION_LEVEL = "-O";
				VALIDATE_PRODUCT = YES;
			};
			name = Release;
		};
		7A63FFC6232FBF4900B3FDAA /* Debug */ = {
			isa = XCBuildConfiguration;
			buildSettings = {
				ASSETCATALOG_COMPILER_APPICON_NAME = AppIcon;
				CODE_SIGN_STYLE = Automatic;
				DEVELOPMENT_TEAM = 8F2HEPF2DN;
				INFOPLIST_FILE = UserList/Info.plist;
				LD_RUNPATH_SEARCH_PATHS = (
					"$(inherited)",
					"@executable_path/Frameworks",
				);
				PRODUCT_BUNDLE_IDENTIFIER = patrick.UserList;
				PRODUCT_NAME = "$(TARGET_NAME)";
				SWIFT_VERSION = 5.0;
				TARGETED_DEVICE_FAMILY = "1,2";
			};
			name = Debug;
		};
		7A63FFC7232FBF4900B3FDAA /* Release */ = {
			isa = XCBuildConfiguration;
			buildSettings = {
				ASSETCATALOG_COMPILER_APPICON_NAME = AppIcon;
				CODE_SIGN_STYLE = Automatic;
				DEVELOPMENT_TEAM = 8F2HEPF2DN;
				INFOPLIST_FILE = UserList/Info.plist;
				LD_RUNPATH_SEARCH_PATHS = (
					"$(inherited)",
					"@executable_path/Frameworks",
				);
				PRODUCT_BUNDLE_IDENTIFIER = patrick.UserList;
				PRODUCT_NAME = "$(TARGET_NAME)";
				SWIFT_VERSION = 5.0;
				TARGETED_DEVICE_FAMILY = "1,2";
			};
			name = Release;
		};
/* End XCBuildConfiguration section */

/* Begin XCConfigurationList section */
		7A63FFAE232FBF4700B3FDAA /* Build configuration list for PBXProject "UserList" */ = {
			isa = XCConfigurationList;
			buildConfigurations = (
				7A63FFC3232FBF4900B3FDAA /* Debug */,
				7A63FFC4232FBF4900B3FDAA /* Release */,
			);
			defaultConfigurationIsVisible = 0;
			defaultConfigurationName = Release;
		};
		7A63FFC5232FBF4900B3FDAA /* Build configuration list for PBXNativeTarget "UserList" */ = {
			isa = XCConfigurationList;
			buildConfigurations = (
				7A63FFC6232FBF4900B3FDAA /* Debug */,
				7A63FFC7232FBF4900B3FDAA /* Release */,
			);
			defaultConfigurationIsVisible = 0;
			defaultConfigurationName = Release;
		};
/* End XCConfigurationList section */
	};
	rootObject = 7A63FFAB232FBF4700B3FDAA /* Project object */;
}
